
Microsoft Visual Studio Solution File, Format Version 12.00
# Visual Studio Version 16
VisualStudioVersion = 16.0.31205.134
MinimumVisualStudioVersion = 10.0.40219.1
Project("{9A19103F-16F7-4668-BE54-9A1E7A4F7556}") = "OrderProcessing", "OrderProcessing.csproj", "{ECF82E0C-B300-4A44-9C6F-729374B5B9AD}"
EndProject
Global
	GlobalSection(SolutionConfigurationPlatforms) = preSolution
		Debug|Any CPU = Debug|Any CPU
		Release|Any CPU = Release|Any CPU
	EndGlobalSection
	GlobalSection(ProjectConfigurationPlatforms) = postSolution
		{ECF82E0C-B300-4A44-9C6F-729374B5B9AD}.Debug|Any CPU.ActiveCfg = Debug|Any CPU
		{ECF82E0C-B300-4A44-9C6F-729374B5B9AD}.Debug|Any CPU.Build.0 = Debug|Any CPU
		{ECF82E0C-B300-4A44-9C6F-729374B5B9AD}.Release|Any CPU.ActiveCfg = Release|Any CPU
		{ECF82E0C-B300-4A44-9C6F-729374B5B9AD}.Release|Any CPU.Build.0 = Release|Any CPU
	EndGlobalSection
	GlobalSection(SolutionProperties) = preSolution
		HideSolutionNode = FALSE
	EndGlobalSection
	GlobalSection(ExtensibilityGlobals) = postSolution
		SolutionGuid = {3FD0E139-DB04-4360-82D0-452A63884065}
	EndGlobalSection
EndGlobal
